
Microsoft Visual Studio Solution File, Format Version 12.00
# Visual Studio Version 17
VisualStudioVersion = 17.6.33829.357
MinimumVisualStudioVersion = 10.0.40219.1
Project("{FAE04EC0-301F-11D3-BF4B-00C04F79EFBC}") = "ConsoleApp", "ConsoleApp\ConsoleApp.csproj", "{3EBD9F5F-B7C0-419A-9D78-4AE075464C46}"
EndProject
Global
	GlobalSection(SolutionConfigurationPlatforms) = preSolution
		Debug|Any CPU = Debug|Any CPU
		Release|Any CPU = Release|Any CPU
	EndGlobalSection
	GlobalSection(ProjectConfigurationPlatforms) = postSolution
		{3EBD9F5F-B7C0-419A-9D78-4AE075464C46}.Debug|Any CPU.ActiveCfg = Debug|Any CPU
		{3EBD9F5F-B7C0-419A-9D78-4AE075464C46}.Debug|Any CPU.Build.0 = Debug|Any CPU
		{3EBD9F5F-B7C0-419A-9D78-4AE075464C46}.Release|Any CPU.ActiveCfg = Release|Any CPU
		{3EBD9F5F-B7C0-419A-9D78-4AE075464C46}.Release|Any CPU.Build.0 = Release|Any CPU
	EndGlobalSection
	GlobalSection(SolutionProperties) = preSolution
		HideSolutionNode = FALSE
	EndGlobalSection
	GlobalSection(ExtensibilityGlobals) = postSolution
		SolutionGuid = {A4F11A5C-9481-4C72-9B61-798BFFE569D4}
	EndGlobalSection
EndGlobal
